
Microsoft Visual Studio Solution File, Format Version 12.00
# Visual Studio Version 17
VisualStudioVersion = 17.8.34511.84
MinimumVisualStudioVersion = 10.0.40219.1
Project("{FAE04EC0-301F-11D3-BF4B-00C04F79EFBC}") = "CrudJAB", "CrudJAB.csproj", "{0189923E-BDA4-4C7F-908A-977BAF4D3BAD}"
EndProject
Global
	GlobalSection(SolutionConfigurationPlatforms) = preSolution
		Debug|Any CPU = Debug|Any CPU
		Release|Any CPU = Release|Any CPU
	EndGlobalSection
	GlobalSection(ProjectConfigurationPlatforms) = postSolution
		{0189923E-BDA4-4C7F-908A-977BAF4D3BAD}.Debug|Any CPU.ActiveCfg = Debug|Any CPU
		{0189923E-BDA4-4C7F-908A-977BAF4D3BAD}.Debug|Any CPU.Build.0 = Debug|Any CPU
		{0189923E-BDA4-4C7F-908A-977BAF4D3BAD}.Release|Any CPU.ActiveCfg = Release|Any CPU
		{0189923E-BDA4-4C7F-908A-977BAF4D3BAD}.Release|Any CPU.Build.0 = Release|Any CPU
	EndGlobalSection
	GlobalSection(SolutionProperties) = preSolution
		HideSolutionNode = FALSE
	EndGlobalSection
	GlobalSection(ExtensibilityGlobals) = postSolution
		SolutionGuid = {28815853-6D42-48F0-AF76-170ABFFD54F3}
	EndGlobalSection
EndGlobal
